
Microsoft Visual Studio Solution File, Format Version 12.00
# Visual Studio 15
VisualStudioVersion = 15.0.26228.9
MinimumVisualStudioVersion = 10.0.40219.1
Project("{FAE04EC0-301F-11D3-BF4B-00C04F79EFBC}") = "shopUI", "shopUI\shopUI.csproj", "{C58BEFCD-6ED1-4B48-B18B-D4A03930496E}"
EndProject
Project("{FAE04EC0-301F-11D3-BF4B-00C04F79EFBC}") = "shop.Domain", "..\shopDomain\shop.Domain.csproj", "{FE40E8FE-7A93-466F-B2D6-CD60D936C269}"
EndProject
Project("{FAE04EC0-301F-11D3-BF4B-00C04F79EFBC}") = "shop.Application", "shopApplication\shop.Application.csproj", "{3C0504DF-BEB1-4923-8420-73E84C3F3D34}"
EndProject
Global
	GlobalSection(SolutionConfigurationPlatforms) = preSolution
		Debug|Any CPU = Debug|Any CPU
		Release|Any CPU = Release|Any CPU
	EndGlobalSection
	GlobalSection(ProjectConfigurationPlatforms) = postSolution
		{C58BEFCD-6ED1-4B48-B18B-D4A03930496E}.Debug|Any CPU.ActiveCfg = Debug|Any CPU
		{C58BEFCD-6ED1-4B48-B18B-D4A03930496E}.Debug|Any CPU.Build.0 = Debug|Any CPU
		{C58BEFCD-6ED1-4B48-B18B-D4A03930496E}.Release|Any CPU.ActiveCfg = Release|Any CPU
		{C58BEFCD-6ED1-4B48-B18B-D4A03930496E}.Release|Any CPU.Build.0 = Release|Any CPU
		{FE40E8FE-7A93-466F-B2D6-CD60D936C269}.Debug|Any CPU.ActiveCfg = Debug|Any CPU
		{FE40E8FE-7A93-466F-B2D6-CD60D936C269}.Debug|Any CPU.Build.0 = Debug|Any CPU
		{FE40E8FE-7A93-466F-B2D6-CD60D936C269}.Release|Any CPU.ActiveCfg = Release|Any CPU
		{FE40E8FE-7A93-466F-B2D6-CD60D936C269}.Release|Any CPU.Build.0 = Release|Any CPU
		{3C0504DF-BEB1-4923-8420-73E84C3F3D34}.Debug|Any CPU.ActiveCfg = Debug|Any CPU
		{3C0504DF-BEB1-4923-8420-73E84C3F3D34}.Debug|Any CPU.Build.0 = Debug|Any CPU
		{3C0504DF-BEB1-4923-8420-73E84C3F3D34}.Release|Any CPU.ActiveCfg = Release|Any CPU
		{3C0504DF-BEB1-4923-8420-73E84C3F3D34}.Release|Any CPU.Build.0 = Release|Any CPU
	EndGlobalSection
	GlobalSection(SolutionProperties) = preSolution
		HideSolutionNode = FALSE
	EndGlobalSection
EndGlobal
